
Microsoft Visual Studio Solution File, Format Version 12.00
# Visual Studio Version 17
VisualStudioVersion = 17.6.33723.286
MinimumVisualStudioVersion = 10.0.40219.1
Project("{FAE04EC0-301F-11D3-BF4B-00C04F79EFBC}") = "ES.Building_Details", "ES.Building_Details\ES.Building_Details.csproj", "{AE3C3F74-2155-413B-841C-2844F7BDC439}"
EndProject
Project("{FAE04EC0-301F-11D3-BF4B-00C04F79EFBC}") = "ES.BS.Model", "ES.BS.Model\ES.BS.Model.csproj", "{AF78F081-1CEC-4316-91F4-4C9DFC1AE480}"
EndProject
Project("{FAE04EC0-301F-11D3-BF4B-00C04F79EFBC}") = "ES.BS.DataAccessLayer", "ES.BS.DataAccessLayer\ES.BS.DataAccessLayer.csproj", "{17641430-2E31-4CE2-B0F7-9FB9A3DF3F91}"
EndProject
Global
	GlobalSection(SolutionConfigurationPlatforms) = preSolution
		Debug|Any CPU = Debug|Any CPU
		Release|Any CPU = Release|Any CPU
	EndGlobalSection
	GlobalSection(ProjectConfigurationPlatforms) = postSolution
		{AE3C3F74-2155-413B-841C-2844F7BDC439}.Debug|Any CPU.ActiveCfg = Debug|Any CPU
		{AE3C3F74-2155-413B-841C-2844F7BDC439}.Debug|Any CPU.Build.0 = Debug|Any CPU
		{AE3C3F74-2155-413B-841C-2844F7BDC439}.Release|Any CPU.ActiveCfg = Release|Any CPU
		{AE3C3F74-2155-413B-841C-2844F7BDC439}.Release|Any CPU.Build.0 = Release|Any CPU
		{AF78F081-1CEC-4316-91F4-4C9DFC1AE480}.Debug|Any CPU.ActiveCfg = Debug|Any CPU
		{AF78F081-1CEC-4316-91F4-4C9DFC1AE480}.Debug|Any CPU.Build.0 = Debug|Any CPU
		{AF78F081-1CEC-4316-91F4-4C9DFC1AE480}.Release|Any CPU.ActiveCfg = Release|Any CPU
		{AF78F081-1CEC-4316-91F4-4C9DFC1AE480}.Release|Any CPU.Build.0 = Release|Any CPU
		{17641430-2E31-4CE2-B0F7-9FB9A3DF3F91}.Debug|Any CPU.ActiveCfg = Debug|Any CPU
		{17641430-2E31-4CE2-B0F7-9FB9A3DF3F91}.Debug|Any CPU.Build.0 = Debug|Any CPU
		{17641430-2E31-4CE2-B0F7-9FB9A3DF3F91}.Release|Any CPU.ActiveCfg = Release|Any CPU
		{17641430-2E31-4CE2-B0F7-9FB9A3DF3F91}.Release|Any CPU.Build.0 = Release|Any CPU
	EndGlobalSection
	GlobalSection(SolutionProperties) = preSolution
		HideSolutionNode = FALSE
	EndGlobalSection
	GlobalSection(ExtensibilityGlobals) = postSolution
		SolutionGuid = {6A0A9D45-BAF4-4F00-86AB-52BC48907DF4}
	EndGlobalSection
EndGlobal
